
Microsoft Visual Studio Solution File, Format Version 11.00
# Visual Studio 2010
Project("{FAE04EC0-301F-11D3-BF4B-00C04F79EFBC}") = "Scope", "Scope.csproj", "{7BE11302-7A09-4CCA-9DAD-B134310A3676}"
EndProject
Project("{FAE04EC0-301F-11D3-BF4B-00C04F79EFBC}") = "Mi.Decompiler", "..\Mi.Decompiler\Mi.Decompiler.csproj", "{984CC812-9470-4A13-AFF9-CC44068D666C}"
EndProject
Project("{FAE04EC0-301F-11D3-BF4B-00C04F79EFBC}") = "Mi.Decompiler.Tests", "..\Mi.Decompiler.Tests\Mi.Decompiler.Tests.csproj", "{74F28499-A66A-49DB-A48D-82C3AD85D6C8}"
	ProjectSection(ProjectDependencies) = postProject
		{218A03F3-580A-4035-B0F3-9F73EF2241CC} = {218A03F3-580A-4035-B0F3-9F73EF2241CC}
		{6A8A03F3-580A-4035-B0F3-9F73EF2241CC} = {6A8A03F3-580A-4035-B0F3-9F73EF2241CC}
		{718A03F3-580A-4035-B0F3-9F73EF2241CC} = {718A03F3-580A-4035-B0F3-9F73EF2241CC}
		{8A8A03F3-580A-4035-B0F3-9F73EF2241CC} = {8A8A03F3-580A-4035-B0F3-9F73EF2241CC}
		{DA8A03F3-580A-4035-B0F3-9F73EF2241CC} = {DA8A03F3-580A-4035-B0F3-9F73EF2241CC}
		{210A03F3-580A-4035-B0F3-9F73EF2241CC} = {210A03F3-580A-4035-B0F3-9F73EF2241CC}
		{618A03F3-580A-4035-B0F3-9F73EF2241CC} = {618A03F3-580A-4035-B0F3-9F73EF2241CC}
		{1E8A03F3-580A-4035-B0F3-9F73EF2241CC} = {1E8A03F3-580A-4035-B0F3-9F73EF2241CC}
		{A18A03F3-580A-4035-B0F3-9F73EF2241CC} = {A18A03F3-580A-4035-B0F3-9F73EF2241CC}
		{D3FF4B60-7BBE-4398-868A-8231FBAE1E6E} = {D3FF4B60-7BBE-4398-868A-8231FBAE1E6E}
		{CA8A03F3-580A-4035-B0F3-9F73EF2241CC} = {CA8A03F3-580A-4035-B0F3-9F73EF2241CC}
		{818A03F3-580A-4035-B0F3-9F73EF2241CC} = {818A03F3-580A-4035-B0F3-9F73EF2241CC}
		{418A03F3-580A-4035-B0F3-9F73EF2241CC} = {418A03F3-580A-4035-B0F3-9F73EF2241CC}
		{EA8A03F3-580A-4035-B0F3-9F73EF2241CC} = {EA8A03F3-580A-4035-B0F3-9F73EF2241CC}
		{518A03F3-580A-4035-B0F3-9F73EF2241CC} = {518A03F3-580A-4035-B0F3-9F73EF2241CC}
		{9A8A03F3-580A-4035-B0F3-9F73EF2241CC} = {9A8A03F3-580A-4035-B0F3-9F73EF2241CC}
		{7A8A03F3-580A-4035-B0F3-9F73EF2241CC} = {7A8A03F3-580A-4035-B0F3-9F73EF2241CC}
		{510A03F3-580A-4035-B0F3-9F73EF2241CC} = {510A03F3-580A-4035-B0F3-9F73EF2241CC}
		{310A03F3-580A-4035-B0F3-9F73EF2241CC} = {310A03F3-580A-4035-B0F3-9F73EF2241CC}
		{118A03F3-580A-4035-B0F3-9F73EF2241CC} = {118A03F3-580A-4035-B0F3-9F73EF2241CC}
		{410A03F3-580A-4035-B0F3-9F73EF2241CC} = {410A03F3-580A-4035-B0F3-9F73EF2241CC}
		{110A03F3-580A-4035-B0F3-9F73EF2241CC} = {110A03F3-580A-4035-B0F3-9F73EF2241CC}
		{018A03F3-580A-4035-B0F3-9F73EF2241CC} = {018A03F3-580A-4035-B0F3-9F73EF2241CC}
		{010A03F3-580A-4035-B0F3-9F73EF2241CC} = {010A03F3-580A-4035-B0F3-9F73EF2241CC}
		{918A03F3-580A-4035-B0F3-9F73EF2241CC} = {918A03F3-580A-4035-B0F3-9F73EF2241CC}
		{BA8A03F3-580A-4035-B0F3-9F73EF2241CC} = {BA8A03F3-580A-4035-B0F3-9F73EF2241CC}
		{AA8A03F3-580A-4035-B0F3-9F73EF2241CC} = {AA8A03F3-580A-4035-B0F3-9F73EF2241CC}
		{0E8A03F3-580A-4035-B0F3-9F73EF2241CC} = {0E8A03F3-580A-4035-B0F3-9F73EF2241CC}
		{FA8A03F3-580A-4035-B0F3-9F73EF2241CC} = {FA8A03F3-580A-4035-B0F3-9F73EF2241CC}
		{5A8A03F3-580A-4035-B0F3-9F73EF2241CC} = {5A8A03F3-580A-4035-B0F3-9F73EF2241CC}
		{318A03F3-580A-4035-B0F3-9F73EF2241CC} = {318A03F3-580A-4035-B0F3-9F73EF2241CC}
	EndProjectSection
EndProject
Project("{2150E333-8FDC-42A3-9474-1A3956D46DE8}") = "Tests", "Tests", "{D1619F98-4F20-410C-BE84-9AE445C3E990}"
EndProject
Project("{2150E333-8FDC-42A3-9474-1A3956D46DE8}") = "SampleInput", "SampleInput", "{59121F30-0916-4C8E-91E6-AA84765D4848}"
EndProject
Project("{FAE04EC0-301F-11D3-BF4B-00C04F79EFBC}") = "CallOverloadedMethod", "..\Mi.Decompiler.Tests\SampleInput\CallOverloadedMethod.csproj", "{5A8A03F3-580A-4035-B0F3-9F73EF2241CC}"
EndProject
Project("{FAE04EC0-301F-11D3-BF4B-00C04F79EFBC}") = "CheckedUnchecked", "..\Mi.Decompiler.Tests\SampleInput\CheckedUnchecked.csproj", "{6A8A03F3-580A-4035-B0F3-9F73EF2241CC}"
EndProject
Project("{FAE04EC0-301F-11D3-BF4B-00C04F79EFBC}") = "DelegateConstruction", "..\Mi.Decompiler.Tests\SampleInput\DelegateConstruction.csproj", "{7A8A03F3-580A-4035-B0F3-9F73EF2241CC}"
EndProject
Project("{FAE04EC0-301F-11D3-BF4B-00C04F79EFBC}") = "ExceptionHandling", "..\Mi.Decompiler.Tests\SampleInput\ExceptionHandling.csproj", "{8A8A03F3-580A-4035-B0F3-9F73EF2241CC}"
EndProject
Project("{FAE04EC0-301F-11D3-BF4B-00C04F79EFBC}") = "IncrementDecrement", "..\Mi.Decompiler.Tests\SampleInput\IncrementDecrement.csproj", "{AA8A03F3-580A-4035-B0F3-9F73EF2241CC}"
EndProject
Project("{FAE04EC0-301F-11D3-BF4B-00C04F79EFBC}") = "InitializerTests", "..\Mi.Decompiler.Tests\SampleInput\InitializerTests.csproj", "{BA8A03F3-580A-4035-B0F3-9F73EF2241CC}"
EndProject
Project("{FAE04EC0-301F-11D3-BF4B-00C04F79EFBC}") = "Loops", "..\Mi.Decompiler.Tests\SampleInput\Loops.csproj", "{CA8A03F3-580A-4035-B0F3-9F73EF2241CC}"
EndProject
Project("{FAE04EC0-301F-11D3-BF4B-00C04F79EFBC}") = "MultidimensionalArray", "..\Mi.Decompiler.Tests\SampleInput\MultidimensionalArray.csproj", "{DA8A03F3-580A-4035-B0F3-9F73EF2241CC}"
EndProject
Project("{FAE04EC0-301F-11D3-BF4B-00C04F79EFBC}") = "PropertiesAndEvents", "..\Mi.Decompiler.Tests\SampleInput\PropertiesAndEvents.csproj", "{EA8A03F3-580A-4035-B0F3-9F73EF2241CC}"
EndProject
Project("{FAE04EC0-301F-11D3-BF4B-00C04F79EFBC}") = "QueryExpressions", "..\Mi.Decompiler.Tests\SampleInput\QueryExpressions.csproj", "{FA8A03F3-580A-4035-B0F3-9F73EF2241CC}"
EndProject
Project("{FAE04EC0-301F-11D3-BF4B-00C04F79EFBC}") = "Switch", "..\Mi.Decompiler.Tests\SampleInput\Switch.csproj", "{1E8A03F3-580A-4035-B0F3-9F73EF2241CC}"
EndProject
Project("{FAE04EC0-301F-11D3-BF4B-00C04F79EFBC}") = "UndocumentedExpressions", "..\Mi.Decompiler.Tests\SampleInput\UndocumentedExpressions.csproj", "{0E8A03F3-580A-4035-B0F3-9F73EF2241CC}"
EndProject
Project("{FAE04EC0-301F-11D3-BF4B-00C04F79EFBC}") = "UnsafeCode", "..\Mi.Decompiler.Tests\SampleInput\UnsafeCode.csproj", "{018A03F3-580A-4035-B0F3-9F73EF2241CC}"
EndProject
Project("{FAE04EC0-301F-11D3-BF4B-00C04F79EFBC}") = "ValueTypes", "..\Mi.Decompiler.Tests\SampleInput\ValueTypes.csproj", "{118A03F3-580A-4035-B0F3-9F73EF2241CC}"
EndProject
Project("{FAE04EC0-301F-11D3-BF4B-00C04F79EFBC}") = "YieldReturn", "..\Mi.Decompiler.Tests\SampleInput\YieldReturn.csproj", "{218A03F3-580A-4035-B0F3-9F73EF2241CC}"
EndProject
Project("{2150E333-8FDC-42A3-9474-1A3956D46DE8}") = "Assemblies", "Assemblies", "{256CE983-6229-40A6-ADBA-179577263AC0}"
EndProject
Project("{FAE04EC0-301F-11D3-BF4B-00C04F79EFBC}") = "CustomAttributes", "..\Mi.Decompiler.Tests\SampleInput\Assemblies\CustomAttributes.csproj", "{318A03F3-580A-4035-B0F3-9F73EF2241CC}"
EndProject
Project("{FAE04EC0-301F-11D3-BF4B-00C04F79EFBC}") = "Events", "..\Mi.Decompiler.Tests\SampleInput\Assemblies\Events.csproj", "{418A03F3-580A-4035-B0F3-9F73EF2241CC}"
EndProject
Project("{FAE04EC0-301F-11D3-BF4B-00C04F79EFBC}") = "Fields", "..\Mi.Decompiler.Tests\SampleInput\Assemblies\Fields.csproj", "{D3FF4B60-7BBE-4398-868A-8231FBAE1E6E}"
EndProject
Project("{FAE04EC0-301F-11D3-BF4B-00C04F79EFBC}") = "GenericsAsm", "..\Mi.Decompiler.Tests\SampleInput\Assemblies\GenericsAsm.csproj", "{518A03F3-580A-4035-B0F3-9F73EF2241CC}"
EndProject
Project("{FAE04EC0-301F-11D3-BF4B-00C04F79EFBC}") = "Interfaces", "..\Mi.Decompiler.Tests\SampleInput\Assemblies\Interfaces.csproj", "{618A03F3-580A-4035-B0F3-9F73EF2241CC}"
EndProject
Project("{FAE04EC0-301F-11D3-BF4B-00C04F79EFBC}") = "Layouts", "..\Mi.Decompiler.Tests\SampleInput\Assemblies\Layouts.csproj", "{718A03F3-580A-4035-B0F3-9F73EF2241CC}"
EndProject
Project("{FAE04EC0-301F-11D3-BF4B-00C04F79EFBC}") = "Methods", "..\Mi.Decompiler.Tests\SampleInput\Assemblies\Methods.csproj", "{818A03F3-580A-4035-B0F3-9F73EF2241CC}"
EndProject
Project("{FAE04EC0-301F-11D3-BF4B-00C04F79EFBC}") = "NestedTypes", "..\Mi.Decompiler.Tests\SampleInput\Assemblies\NestedTypes.csproj", "{918A03F3-580A-4035-B0F3-9F73EF2241CC}"
EndProject
Project("{FAE04EC0-301F-11D3-BF4B-00C04F79EFBC}") = "Properties", "..\Mi.Decompiler.Tests\SampleInput\Assemblies\Properties.csproj", "{A18A03F3-580A-4035-B0F3-9F73EF2241CC}"
EndProject
Project("{2150E333-8FDC-42A3-9474-1A3956D46DE8}") = "CustomAttributes", "CustomAttributes", "{5C2E67CC-FEC6-4590-9329-3602D8C728C6}"
EndProject
Project("{FAE04EC0-301F-11D3-BF4B-00C04F79EFBC}") = "S_AssemblyCustomAttribute", "..\Mi.Decompiler.Tests\SampleInput\CustomAttributes\S_AssemblyCustomAttribute.csproj", "{010A03F3-580A-4035-B0F3-9F73EF2241CC}"
EndProject
Project("{FAE04EC0-301F-11D3-BF4B-00C04F79EFBC}") = "S_CustomAttributes", "..\Mi.Decompiler.Tests\SampleInput\CustomAttributes\S_CustomAttributes.csproj", "{110A03F3-580A-4035-B0F3-9F73EF2241CC}"
EndProject
Project("{FAE04EC0-301F-11D3-BF4B-00C04F79EFBC}") = "S_CustomAttributeSamples", "..\Mi.Decompiler.Tests\SampleInput\CustomAttributes\S_CustomAttributeSamples.csproj", "{210A03F3-580A-4035-B0F3-9F73EF2241CC}"
EndProject
Project("{2150E333-8FDC-42A3-9474-1A3956D46DE8}") = "Types", "Types", "{1160A8D9-2334-4438-9B57-57369FD9B51E}"
EndProject
Project("{FAE04EC0-301F-11D3-BF4B-00C04F79EFBC}") = "S_EnumSamples", "..\Mi.Decompiler.Tests\SampleInput\Types\S_EnumSamples.csproj", "{310A03F3-580A-4035-B0F3-9F73EF2241CC}"
EndProject
Project("{FAE04EC0-301F-11D3-BF4B-00C04F79EFBC}") = "S_TypeDeclarations", "..\Mi.Decompiler.Tests\SampleInput\Types\S_TypeDeclarations.csproj", "{410A03F3-580A-4035-B0F3-9F73EF2241CC}"
EndProject
Project("{FAE04EC0-301F-11D3-BF4B-00C04F79EFBC}") = "S_TypeMemberDeclarations", "..\Mi.Decompiler.Tests\SampleInput\Types\S_TypeMemberDeclarations.csproj", "{510A03F3-580A-4035-B0F3-9F73EF2241CC}"
EndProject
Project("{FAE04EC0-301F-11D3-BF4B-00C04F79EFBC}") = "Generics", "..\Mi.Decompiler.Tests\SampleInput\Generics.csproj", "{9A8A03F3-580A-4035-B0F3-9F73EF2241CC}"
EndProject
Project("{FAE04EC0-301F-11D3-BF4B-00C04F79EFBC}") = "CustomShortCircuitOperators", "..\Mi.Decompiler.Tests\SampleInput\CustomShortCircuitOperators.csproj", "{97DC90E2-A3F8-4CCB-90DF-6AACFF510BB6}"
EndProject
Project("{FAE04EC0-301F-11D3-BF4B-00C04F79EFBC}") = "PInvoke", "..\Mi.Decompiler.Tests\SampleInput\PInvoke.csproj", "{B3FCCE09-AC52-4DF7-AABB-5770B062AB38}"
EndProject
Global
	GlobalSection(SolutionConfigurationPlatforms) = preSolution
		Debug|Any CPU = Debug|Any CPU
		Release|Any CPU = Release|Any CPU
	EndGlobalSection
	GlobalSection(ProjectConfigurationPlatforms) = postSolution
		{7BE11302-7A09-4CCA-9DAD-B134310A3676}.Debug|Any CPU.ActiveCfg = Debug|Any CPU
		{7BE11302-7A09-4CCA-9DAD-B134310A3676}.Debug|Any CPU.Build.0 = Debug|Any CPU
		{7BE11302-7A09-4CCA-9DAD-B134310A3676}.Release|Any CPU.ActiveCfg = Release|Any CPU
		{7BE11302-7A09-4CCA-9DAD-B134310A3676}.Release|Any CPU.Build.0 = Release|Any CPU
		{984CC812-9470-4A13-AFF9-CC44068D666C}.Debug|Any CPU.ActiveCfg = Debug|Any CPU
		{984CC812-9470-4A13-AFF9-CC44068D666C}.Debug|Any CPU.Build.0 = Debug|Any CPU
		{984CC812-9470-4A13-AFF9-CC44068D666C}.Release|Any CPU.ActiveCfg = Release|Any CPU
		{984CC812-9470-4A13-AFF9-CC44068D666C}.Release|Any CPU.Build.0 = Release|Any CPU
		{74F28499-A66A-49DB-A48D-82C3AD85D6C8}.Debug|Any CPU.ActiveCfg = Debug|Any CPU
		{74F28499-A66A-49DB-A48D-82C3AD85D6C8}.Debug|Any CPU.Build.0 = Debug|Any CPU
		{74F28499-A66A-49DB-A48D-82C3AD85D6C8}.Release|Any CPU.ActiveCfg = Release|Any CPU
		{74F28499-A66A-49DB-A48D-82C3AD85D6C8}.Release|Any CPU.Build.0 = Release|Any CPU
		{5A8A03F3-580A-4035-B0F3-9F73EF2241CC}.Debug|Any CPU.ActiveCfg = Debug|Any CPU
		{5A8A03F3-580A-4035-B0F3-9F73EF2241CC}.Debug|Any CPU.Build.0 = Debug|Any CPU
		{5A8A03F3-580A-4035-B0F3-9F73EF2241CC}.Release|Any CPU.ActiveCfg = Release|Any CPU
		{5A8A03F3-580A-4035-B0F3-9F73EF2241CC}.Release|Any CPU.Build.0 = Release|Any CPU
		{6A8A03F3-580A-4035-B0F3-9F73EF2241CC}.Debug|Any CPU.ActiveCfg = Debug|Any CPU
		{6A8A03F3-580A-4035-B0F3-9F73EF2241CC}.Debug|Any CPU.Build.0 = Debug|Any CPU
		{6A8A03F3-580A-4035-B0F3-9F73EF2241CC}.Release|Any CPU.ActiveCfg = Release|Any CPU
		{6A8A03F3-580A-4035-B0F3-9F73EF2241CC}.Release|Any CPU.Build.0 = Release|Any CPU
		{7A8A03F3-580A-4035-B0F3-9F73EF2241CC}.Debug|Any CPU.ActiveCfg = Debug|Any CPU
		{7A8A03F3-580A-4035-B0F3-9F73EF2241CC}.Debug|Any CPU.Build.0 = Debug|Any CPU
		{7A8A03F3-580A-4035-B0F3-9F73EF2241CC}.Release|Any CPU.ActiveCfg = Release|Any CPU
		{7A8A03F3-580A-4035-B0F3-9F73EF2241CC}.Release|Any CPU.Build.0 = Release|Any CPU
		{8A8A03F3-580A-4035-B0F3-9F73EF2241CC}.Debug|Any CPU.ActiveCfg = Debug|Any CPU
		{8A8A03F3-580A-4035-B0F3-9F73EF2241CC}.Debug|Any CPU.Build.0 = Debug|Any CPU
		{8A8A03F3-580A-4035-B0F3-9F73EF2241CC}.Release|Any CPU.ActiveCfg = Release|Any CPU
		{8A8A03F3-580A-4035-B0F3-9F73EF2241CC}.Release|Any CPU.Build.0 = Release|Any CPU
		{AA8A03F3-580A-4035-B0F3-9F73EF2241CC}.Debug|Any CPU.ActiveCfg = Debug|Any CPU
		{AA8A03F3-580A-4035-B0F3-9F73EF2241CC}.Debug|Any CPU.Build.0 = Debug|Any CPU
		{AA8A03F3-580A-4035-B0F3-9F73EF2241CC}.Release|Any CPU.ActiveCfg = Release|Any CPU
		{AA8A03F3-580A-4035-B0F3-9F73EF2241CC}.Release|Any CPU.Build.0 = Release|Any CPU
		{BA8A03F3-580A-4035-B0F3-9F73EF2241CC}.Debug|Any CPU.ActiveCfg = Debug|Any CPU
		{BA8A03F3-580A-4035-B0F3-9F73EF2241CC}.Debug|Any CPU.Build.0 = Debug|Any CPU
		{BA8A03F3-580A-4035-B0F3-9F73EF2241CC}.Release|Any CPU.ActiveCfg = Release|Any CPU
		{BA8A03F3-580A-4035-B0F3-9F73EF2241CC}.Release|Any CPU.Build.0 = Release|Any CPU
		{CA8A03F3-580A-4035-B0F3-9F73EF2241CC}.Debug|Any CPU.ActiveCfg = Debug|Any CPU
		{CA8A03F3-580A-4035-B0F3-9F73EF2241CC}.Debug|Any CPU.Build.0 = Debug|Any CPU
		{CA8A03F3-580A-4035-B0F3-9F73EF2241CC}.Release|Any CPU.ActiveCfg = Release|Any CPU
		{CA8A03F3-580A-4035-B0F3-9F73EF2241CC}.Release|Any CPU.Build.0 = Release|Any CPU
		{DA8A03F3-580A-4035-B0F3-9F73EF2241CC}.Debug|Any CPU.ActiveCfg = Debug|Any CPU
		{DA8A03F3-580A-4035-B0F3-9F73EF2241CC}.Debug|Any CPU.Build.0 = Debug|Any CPU
		{DA8A03F3-580A-4035-B0F3-9F73EF2241CC}.Release|Any CPU.ActiveCfg = Release|Any CPU
		{DA8A03F3-580A-4035-B0F3-9F73EF2241CC}.Release|Any CPU.Build.0 = Release|Any CPU
		{EA8A03F3-580A-4035-B0F3-9F73EF2241CC}.Debug|Any CPU.ActiveCfg = Debug|Any CPU
		{EA8A03F3-580A-4035-B0F3-9F73EF2241CC}.Debug|Any CPU.Build.0 = Debug|Any CPU
		{EA8A03F3-580A-4035-B0F3-9F73EF2241CC}.Release|Any CPU.ActiveCfg = Release|Any CPU
		{EA8A03F3-580A-4035-B0F3-9F73EF2241CC}.Release|Any CPU.Build.0 = Release|Any CPU
		{FA8A03F3-580A-4035-B0F3-9F73EF2241CC}.Debug|Any CPU.ActiveCfg = Debug|Any CPU
		{FA8A03F3-580A-4035-B0F3-9F73EF2241CC}.Debug|Any CPU.Build.0 = Debug|Any CPU
		{FA8A03F3-580A-4035-B0F3-9F73EF2241CC}.Release|Any CPU.ActiveCfg = Release|Any CPU
		{FA8A03F3-580A-4035-B0F3-9F73EF2241CC}.Release|Any CPU.Build.0 = Release|Any CPU
		{1E8A03F3-580A-4035-B0F3-9F73EF2241CC}.Debug|Any CPU.ActiveCfg = Debug|Any CPU
		{1E8A03F3-580A-4035-B0F3-9F73EF2241CC}.Debug|Any CPU.Build.0 = Debug|Any CPU
		{1E8A03F3-580A-4035-B0F3-9F73EF2241CC}.Release|Any CPU.ActiveCfg = Release|Any CPU
		{1E8A03F3-580A-4035-B0F3-9F73EF2241CC}.Release|Any CPU.Build.0 = Release|Any CPU
		{0E8A03F3-580A-4035-B0F3-9F73EF2241CC}.Debug|Any CPU.ActiveCfg = Debug|Any CPU
		{0E8A03F3-580A-4035-B0F3-9F73EF2241CC}.Debug|Any CPU.Build.0 = Debug|Any CPU
		{0E8A03F3-580A-4035-B0F3-9F73EF2241CC}.Release|Any CPU.ActiveCfg = Release|Any CPU
		{0E8A03F3-580A-4035-B0F3-9F73EF2241CC}.Release|Any CPU.Build.0 = Release|Any CPU
		{018A03F3-580A-4035-B0F3-9F73EF2241CC}.Debug|Any CPU.ActiveCfg = Debug|Any CPU
		{018A03F3-580A-4035-B0F3-9F73EF2241CC}.Debug|Any CPU.Build.0 = Debug|Any CPU
		{018A03F3-580A-4035-B0F3-9F73EF2241CC}.Release|Any CPU.ActiveCfg = Release|Any CPU
		{018A03F3-580A-4035-B0F3-9F73EF2241CC}.Release|Any CPU.Build.0 = Release|Any CPU
		{118A03F3-580A-4035-B0F3-9F73EF2241CC}.Debug|Any CPU.ActiveCfg = Debug|Any CPU
		{118A03F3-580A-4035-B0F3-9F73EF2241CC}.Debug|Any CPU.Build.0 = Debug|Any CPU
		{118A03F3-580A-4035-B0F3-9F73EF2241CC}.Release|Any CPU.ActiveCfg = Release|Any CPU
		{118A03F3-580A-4035-B0F3-9F73EF2241CC}.Release|Any CPU.Build.0 = Release|Any CPU
		{218A03F3-580A-4035-B0F3-9F73EF2241CC}.Debug|Any CPU.ActiveCfg = Debug|Any CPU
		{218A03F3-580A-4035-B0F3-9F73EF2241CC}.Debug|Any CPU.Build.0 = Debug|Any CPU
		{218A03F3-580A-4035-B0F3-9F73EF2241CC}.Release|Any CPU.ActiveCfg = Release|Any CPU
		{218A03F3-580A-4035-B0F3-9F73EF2241CC}.Release|Any CPU.Build.0 = Release|Any CPU
		{318A03F3-580A-4035-B0F3-9F73EF2241CC}.Debug|Any CPU.ActiveCfg = Debug|Any CPU
		{318A03F3-580A-4035-B0F3-9F73EF2241CC}.Debug|Any CPU.Build.0 = Debug|Any CPU
		{318A03F3-580A-4035-B0F3-9F73EF2241CC}.Release|Any CPU.ActiveCfg = Release|Any CPU
		{318A03F3-580A-4035-B0F3-9F73EF2241CC}.Release|Any CPU.Build.0 = Release|Any CPU
		{418A03F3-580A-4035-B0F3-9F73EF2241CC}.Debug|Any CPU.ActiveCfg = Debug|Any CPU
		{418A03F3-580A-4035-B0F3-9F73EF2241CC}.Debug|Any CPU.Build.0 = Debug|Any CPU
		{418A03F3-580A-4035-B0F3-9F73EF2241CC}.Release|Any CPU.ActiveCfg = Release|Any CPU
		{418A03F3-580A-4035-B0F3-9F73EF2241CC}.Release|Any CPU.Build.0 = Release|Any CPU
		{D3FF4B60-7BBE-4398-868A-8231FBAE1E6E}.Debug|Any CPU.ActiveCfg = Debug|Any CPU
		{D3FF4B60-7BBE-4398-868A-8231FBAE1E6E}.Debug|Any CPU.Build.0 = Debug|Any CPU
		{D3FF4B60-7BBE-4398-868A-8231FBAE1E6E}.Release|Any CPU.ActiveCfg = Release|Any CPU
		{D3FF4B60-7BBE-4398-868A-8231FBAE1E6E}.Release|Any CPU.Build.0 = Release|Any CPU
		{518A03F3-580A-4035-B0F3-9F73EF2241CC}.Debug|Any CPU.ActiveCfg = Debug|Any CPU
		{518A03F3-580A-4035-B0F3-9F73EF2241CC}.Debug|Any CPU.Build.0 = Debug|Any CPU
		{518A03F3-580A-4035-B0F3-9F73EF2241CC}.Release|Any CPU.ActiveCfg = Release|Any CPU
		{518A03F3-580A-4035-B0F3-9F73EF2241CC}.Release|Any CPU.Build.0 = Release|Any CPU
		{618A03F3-580A-4035-B0F3-9F73EF2241CC}.Debug|Any CPU.ActiveCfg = Debug|Any CPU
		{618A03F3-580A-4035-B0F3-9F73EF2241CC}.Debug|Any CPU.Build.0 = Debug|Any CPU
		{618A03F3-580A-4035-B0F3-9F73EF2241CC}.Release|Any CPU.ActiveCfg = Release|Any CPU
		{618A03F3-580A-4035-B0F3-9F73EF2241CC}.Release|Any CPU.Build.0 = Release|Any CPU
		{718A03F3-580A-4035-B0F3-9F73EF2241CC}.Debug|Any CPU.ActiveCfg = Debug|Any CPU
		{718A03F3-580A-4035-B0F3-9F73EF2241CC}.Debug|Any CPU.Build.0 = Debug|Any CPU
		{718A03F3-580A-4035-B0F3-9F73EF2241CC}.Release|Any CPU.ActiveCfg = Release|Any CPU
		{718A03F3-580A-4035-B0F3-9F73EF2241CC}.Release|Any CPU.Build.0 = Release|Any CPU
		{818A03F3-580A-4035-B0F3-9F73EF2241CC}.Debug|Any CPU.ActiveCfg = Debug|Any CPU
		{818A03F3-580A-4035-B0F3-9F73EF2241CC}.Debug|Any CPU.Build.0 = Debug|Any CPU
		{818A03F3-580A-4035-B0F3-9F73EF2241CC}.Release|Any CPU.ActiveCfg = Release|Any CPU
		{818A03F3-580A-4035-B0F3-9F73EF2241CC}.Release|Any CPU.Build.0 = Release|Any CPU
		{918A03F3-580A-4035-B0F3-9F73EF2241CC}.Debug|Any CPU.ActiveCfg = Debug|Any CPU
		{918A03F3-580A-4035-B0F3-9F73EF2241CC}.Debug|Any CPU.Build.0 = Debug|Any CPU
		{918A03F3-580A-4035-B0F3-9F73EF2241CC}.Release|Any CPU.ActiveCfg = Release|Any CPU
		{918A03F3-580A-4035-B0F3-9F73EF2241CC}.Release|Any CPU.Build.0 = Release|Any CPU
		{A18A03F3-580A-4035-B0F3-9F73EF2241CC}.Debug|Any CPU.ActiveCfg = Debug|Any CPU
		{A18A03F3-580A-4035-B0F3-9F73EF2241CC}.Debug|Any CPU.Build.0 = Debug|Any CPU
		{A18A03F3-580A-4035-B0F3-9F73EF2241CC}.Release|Any CPU.ActiveCfg = Release|Any CPU
		{A18A03F3-580A-4035-B0F3-9F73EF2241CC}.Release|Any CPU.Build.0 = Release|Any CPU
		{010A03F3-580A-4035-B0F3-9F73EF2241CC}.Debug|Any CPU.ActiveCfg = Debug|Any CPU
		{010A03F3-580A-4035-B0F3-9F73EF2241CC}.Debug|Any CPU.Build.0 = Debug|Any CPU
		{010A03F3-580A-4035-B0F3-9F73EF2241CC}.Release|Any CPU.ActiveCfg = Release|Any CPU
		{010A03F3-580A-4035-B0F3-9F73EF2241CC}.Release|Any CPU.Build.0 = Release|Any CPU
		{110A03F3-580A-4035-B0F3-9F73EF2241CC}.Debug|Any CPU.ActiveCfg = Debug|Any CPU
		{110A03F3-580A-4035-B0F3-9F73EF2241CC}.Debug|Any CPU.Build.0 = Debug|Any CPU
		{110A03F3-580A-4035-B0F3-9F73EF2241CC}.Release|Any CPU.ActiveCfg = Release|Any CPU
		{110A03F3-580A-4035-B0F3-9F73EF2241CC}.Release|Any CPU.Build.0 = Release|Any CPU
		{210A03F3-580A-4035-B0F3-9F73EF2241CC}.Debug|Any CPU.ActiveCfg = Debug|Any CPU
		{210A03F3-580A-4035-B0F3-9F73EF2241CC}.Debug|Any CPU.Build.0 = Debug|Any CPU
		{210A03F3-580A-4035-B0F3-9F73EF2241CC}.Release|Any CPU.ActiveCfg = Release|Any CPU
		{210A03F3-580A-4035-B0F3-9F73EF2241CC}.Release|Any CPU.Build.0 = Release|Any CPU
		{310A03F3-580A-4035-B0F3-9F73EF2241CC}.Debug|Any CPU.ActiveCfg = Debug|Any CPU
		{310A03F3-580A-4035-B0F3-9F73EF2241CC}.Debug|Any CPU.Build.0 = Debug|Any CPU
		{310A03F3-580A-4035-B0F3-9F73EF2241CC}.Release|Any CPU.ActiveCfg = Release|Any CPU
		{310A03F3-580A-4035-B0F3-9F73EF2241CC}.Release|Any CPU.Build.0 = Release|Any CPU
		{410A03F3-580A-4035-B0F3-9F73EF2241CC}.Debug|Any CPU.ActiveCfg = Debug|Any CPU
		{410A03F3-580A-4035-B0F3-9F73EF2241CC}.Debug|Any CPU.Build.0 = Debug|Any CPU
		{410A03F3-580A-4035-B0F3-9F73EF2241CC}.Release|Any CPU.ActiveCfg = Release|Any CPU
		{410A03F3-580A-4035-B0F3-9F73EF2241CC}.Release|Any CPU.Build.0 = Release|Any CPU
		{510A03F3-580A-4035-B0F3-9F73EF2241CC}.Debug|Any CPU.ActiveCfg = Debug|Any CPU
		{510A03F3-580A-4035-B0F3-9F73EF2241CC}.Debug|Any CPU.Build.0 = Debug|Any CPU
		{510A03F3-580A-4035-B0F3-9F73EF2241CC}.Release|Any CPU.ActiveCfg = Release|Any CPU
		{510A03F3-580A-4035-B0F3-9F73EF2241CC}.Release|Any CPU.Build.0 = Release|Any CPU
		{9A8A03F3-580A-4035-B0F3-9F73EF2241CC}.Debug|Any CPU.ActiveCfg = Debug|Any CPU
		{9A8A03F3-580A-4035-B0F3-9F73EF2241CC}.Debug|Any CPU.Build.0 = Debug|Any CPU
		{9A8A03F3-580A-4035-B0F3-9F73EF2241CC}.Release|Any CPU.ActiveCfg = Release|Any CPU
		{9A8A03F3-580A-4035-B0F3-9F73EF2241CC}.Release|Any CPU.Build.0 = Release|Any CPU
		{97DC90E2-A3F8-4CCB-90DF-6AACFF510BB6}.Debug|Any CPU.ActiveCfg = Debug|Any CPU
		{97DC90E2-A3F8-4CCB-90DF-6AACFF510BB6}.Debug|Any CPU.Build.0 = Debug|Any CPU
		{97DC90E2-A3F8-4CCB-90DF-6AACFF510BB6}.Release|Any CPU.ActiveCfg = Release|Any CPU
		{97DC90E2-A3F8-4CCB-90DF-6AACFF510BB6}.Release|Any CPU.Build.0 = Release|Any CPU
		{B3FCCE09-AC52-4DF7-AABB-5770B062AB38}.Debug|Any CPU.ActiveCfg = Debug|Any CPU
		{B3FCCE09-AC52-4DF7-AABB-5770B062AB38}.Debug|Any CPU.Build.0 = Debug|Any CPU
		{B3FCCE09-AC52-4DF7-AABB-5770B062AB38}.Release|Any CPU.ActiveCfg = Release|Any CPU
		{B3FCCE09-AC52-4DF7-AABB-5770B062AB38}.Release|Any CPU.Build.0 = Release|Any CPU
	EndGlobalSection
	GlobalSection(SolutionProperties) = preSolution
		HideSolutionNode = FALSE
	EndGlobalSection
	GlobalSection(NestedProjects) = preSolution
		{74F28499-A66A-49DB-A48D-82C3AD85D6C8} = {D1619F98-4F20-410C-BE84-9AE445C3E990}
		{59121F30-0916-4C8E-91E6-AA84765D4848} = {D1619F98-4F20-410C-BE84-9AE445C3E990}
		{5A8A03F3-580A-4035-B0F3-9F73EF2241CC} = {59121F30-0916-4C8E-91E6-AA84765D4848}
		{6A8A03F3-580A-4035-B0F3-9F73EF2241CC} = {59121F30-0916-4C8E-91E6-AA84765D4848}
		{7A8A03F3-580A-4035-B0F3-9F73EF2241CC} = {59121F30-0916-4C8E-91E6-AA84765D4848}
		{8A8A03F3-580A-4035-B0F3-9F73EF2241CC} = {59121F30-0916-4C8E-91E6-AA84765D4848}
		{AA8A03F3-580A-4035-B0F3-9F73EF2241CC} = {59121F30-0916-4C8E-91E6-AA84765D4848}
		{BA8A03F3-580A-4035-B0F3-9F73EF2241CC} = {59121F30-0916-4C8E-91E6-AA84765D4848}
		{CA8A03F3-580A-4035-B0F3-9F73EF2241CC} = {59121F30-0916-4C8E-91E6-AA84765D4848}
		{DA8A03F3-580A-4035-B0F3-9F73EF2241CC} = {59121F30-0916-4C8E-91E6-AA84765D4848}
		{EA8A03F3-580A-4035-B0F3-9F73EF2241CC} = {59121F30-0916-4C8E-91E6-AA84765D4848}
		{FA8A03F3-580A-4035-B0F3-9F73EF2241CC} = {59121F30-0916-4C8E-91E6-AA84765D4848}
		{1E8A03F3-580A-4035-B0F3-9F73EF2241CC} = {59121F30-0916-4C8E-91E6-AA84765D4848}
		{0E8A03F3-580A-4035-B0F3-9F73EF2241CC} = {59121F30-0916-4C8E-91E6-AA84765D4848}
		{018A03F3-580A-4035-B0F3-9F73EF2241CC} = {59121F30-0916-4C8E-91E6-AA84765D4848}
		{118A03F3-580A-4035-B0F3-9F73EF2241CC} = {59121F30-0916-4C8E-91E6-AA84765D4848}
		{218A03F3-580A-4035-B0F3-9F73EF2241CC} = {59121F30-0916-4C8E-91E6-AA84765D4848}
		{256CE983-6229-40A6-ADBA-179577263AC0} = {59121F30-0916-4C8E-91E6-AA84765D4848}
		{5C2E67CC-FEC6-4590-9329-3602D8C728C6} = {59121F30-0916-4C8E-91E6-AA84765D4848}
		{1160A8D9-2334-4438-9B57-57369FD9B51E} = {59121F30-0916-4C8E-91E6-AA84765D4848}
		{9A8A03F3-580A-4035-B0F3-9F73EF2241CC} = {59121F30-0916-4C8E-91E6-AA84765D4848}
		{97DC90E2-A3F8-4CCB-90DF-6AACFF510BB6} = {59121F30-0916-4C8E-91E6-AA84765D4848}
		{B3FCCE09-AC52-4DF7-AABB-5770B062AB38} = {59121F30-0916-4C8E-91E6-AA84765D4848}
		{318A03F3-580A-4035-B0F3-9F73EF2241CC} = {256CE983-6229-40A6-ADBA-179577263AC0}
		{418A03F3-580A-4035-B0F3-9F73EF2241CC} = {256CE983-6229-40A6-ADBA-179577263AC0}
		{D3FF4B60-7BBE-4398-868A-8231FBAE1E6E} = {256CE983-6229-40A6-ADBA-179577263AC0}
		{518A03F3-580A-4035-B0F3-9F73EF2241CC} = {256CE983-6229-40A6-ADBA-179577263AC0}
		{618A03F3-580A-4035-B0F3-9F73EF2241CC} = {256CE983-6229-40A6-ADBA-179577263AC0}
		{718A03F3-580A-4035-B0F3-9F73EF2241CC} = {256CE983-6229-40A6-ADBA-179577263AC0}
		{818A03F3-580A-4035-B0F3-9F73EF2241CC} = {256CE983-6229-40A6-ADBA-179577263AC0}
		{918A03F3-580A-4035-B0F3-9F73EF2241CC} = {256CE983-6229-40A6-ADBA-179577263AC0}
		{A18A03F3-580A-4035-B0F3-9F73EF2241CC} = {256CE983-6229-40A6-ADBA-179577263AC0}
		{010A03F3-580A-4035-B0F3-9F73EF2241CC} = {5C2E67CC-FEC6-4590-9329-3602D8C728C6}
		{110A03F3-580A-4035-B0F3-9F73EF2241CC} = {5C2E67CC-FEC6-4590-9329-3602D8C728C6}
		{210A03F3-580A-4035-B0F3-9F73EF2241CC} = {5C2E67CC-FEC6-4590-9329-3602D8C728C6}
		{310A03F3-580A-4035-B0F3-9F73EF2241CC} = {1160A8D9-2334-4438-9B57-57369FD9B51E}
		{410A03F3-580A-4035-B0F3-9F73EF2241CC} = {1160A8D9-2334-4438-9B57-57369FD9B51E}
		{510A03F3-580A-4035-B0F3-9F73EF2241CC} = {1160A8D9-2334-4438-9B57-57369FD9B51E}
	EndGlobalSection
EndGlobal
