
Microsoft Visual Studio Solution File, Format Version 11.00
# Visual Studio 2010
Project("{FAE04EC0-301F-11D3-BF4B-00C04F79EFBC}") = "Scope", "Scope.csproj", "{7BE11302-7A09-4CCA-9DAD-B134310A3676}"
EndProject
Project("{FAE04EC0-301F-11D3-BF4B-00C04F79EFBC}") = "Mi.Decompiler", "..\Mi.Decompiler\Mi.Decompiler.csproj", "{984CC812-9470-4A13-AFF9-CC44068D666C}"
EndProject
Project("{FAE04EC0-301F-11D3-BF4B-00C04F79EFBC}") = "Mi.Decompiler.Tests", "..\Mi.Decompiler.Tests\Mi.Decompiler.Tests.csproj", "{74F28499-A66A-49DB-A48D-82C3AD85D6C8}"
	ProjectSection(ProjectDependencies) = postProject
		{BAC06405-D6F5-47D1-9F5E-AF80FD567F57} = {BAC06405-D6F5-47D1-9F5E-AF80FD567F57}
		{0C027F06-8D91-4830-B73A-40F4FBE009D6} = {0C027F06-8D91-4830-B73A-40F4FBE009D6}
		{86D4FE0D-C1C6-4E6D-868E-63A706ED05B9} = {86D4FE0D-C1C6-4E6D-868E-63A706ED05B9}
		{47D14427-5FC7-4C35-B3A8-37F883291022} = {47D14427-5FC7-4C35-B3A8-37F883291022}
		{0E1C6A32-EEB2-4D6A-8E1C-88E646E692BB} = {0E1C6A32-EEB2-4D6A-8E1C-88E646E692BB}
		{DFF1BC39-37F4-47CF-9CD4-0B2A874A3517} = {DFF1BC39-37F4-47CF-9CD4-0B2A874A3517}
		{9998AA42-F882-4607-946F-CAABBA1A48C3} = {9998AA42-F882-4607-946F-CAABBA1A48C3}
		{EB8AAC43-6317-4D1B-B1BD-9DD7F0865C8D} = {EB8AAC43-6317-4D1B-B1BD-9DD7F0865C8D}
		{98BF2C49-ED30-4F6B-8114-3556821538C5} = {98BF2C49-ED30-4F6B-8114-3556821538C5}
		{D3FF4B60-7BBE-4398-868A-8231FBAE1E6E} = {D3FF4B60-7BBE-4398-868A-8231FBAE1E6E}
		{C24FE967-0EF9-48B3-80D2-C62064DF3D87} = {C24FE967-0EF9-48B3-80D2-C62064DF3D87}
		{B5493184-7644-4F15-8B9D-4788725630E8} = {B5493184-7644-4F15-8B9D-4788725630E8}
		{241EAC87-C69E-4F0E-B3CB-6B79EC44F128} = {241EAC87-C69E-4F0E-B3CB-6B79EC44F128}
		{7678669D-5BBB-4C46-BC14-E1FD266511C9} = {7678669D-5BBB-4C46-BC14-E1FD266511C9}
		{608229A9-6004-4C15-8C4C-D59AF4C9A095} = {608229A9-6004-4C15-8C4C-D59AF4C9A095}
		{A07ECFAE-46F2-427C-A8D4-23AB319F0421} = {A07ECFAE-46F2-427C-A8D4-23AB319F0421}
		{DA5689AF-B1EF-410F-AC61-E52B51D83D29} = {DA5689AF-B1EF-410F-AC61-E52B51D83D29}
		{2FF595B6-7AED-4ECA-AAEF-4511D29CD450} = {2FF595B6-7AED-4ECA-AAEF-4511D29CD450}
		{B6C1D7C6-93DB-456B-B8B5-C9DB22AA5229} = {B6C1D7C6-93DB-456B-B8B5-C9DB22AA5229}
		{12A345C9-CB6A-4199-AB7D-B88509531993} = {12A345C9-CB6A-4199-AB7D-B88509531993}
		{4EFD64D4-6A96-4C1F-ACB5-A40615D4E833} = {4EFD64D4-6A96-4C1F-ACB5-A40615D4E833}
		{9BA988DC-98DE-4A49-ACE1-E1FC2A876D0D} = {9BA988DC-98DE-4A49-ACE1-E1FC2A876D0D}
		{732A7ADE-FA03-465B-A7C7-5B64AAEE4719} = {732A7ADE-FA03-465B-A7C7-5B64AAEE4719}
		{87C71CE1-9752-4E0D-951B-887743CF071F} = {87C71CE1-9752-4E0D-951B-887743CF071F}
		{97FFFAE1-863F-41E7-8F9D-0829E59593BE} = {97FFFAE1-863F-41E7-8F9D-0829E59593BE}
		{C6E9DEE2-C54C-4B16-B7BD-474D52DB9122} = {C6E9DEE2-C54C-4B16-B7BD-474D52DB9122}
		{2D4A63E6-B1FB-4829-ABD7-3BC64A875087} = {2D4A63E6-B1FB-4829-ABD7-3BC64A875087}
		{94DB83EE-45DB-443A-BC85-9E1582E56DE1} = {94DB83EE-45DB-443A-BC85-9E1582E56DE1}
		{5A8A03F3-580A-4035-B0F3-9F73EF2241CC} = {5A8A03F3-580A-4035-B0F3-9F73EF2241CC}
		{02E237FC-CB89-488D-9776-6198A4E6639F} = {02E237FC-CB89-488D-9776-6198A4E6639F}
	EndProjectSection
EndProject
Project("{2150E333-8FDC-42A3-9474-1A3956D46DE8}") = "Tests", "Tests", "{D1619F98-4F20-410C-BE84-9AE445C3E990}"
EndProject
Project("{2150E333-8FDC-42A3-9474-1A3956D46DE8}") = "SampleInput", "SampleInput", "{59121F30-0916-4C8E-91E6-AA84765D4848}"
EndProject
Project("{FAE04EC0-301F-11D3-BF4B-00C04F79EFBC}") = "CallOverloadedMethod", "..\Mi.Decompiler.Tests\SampleInput\CallOverloadedMethod.csproj", "{5A8A03F3-580A-4035-B0F3-9F73EF2241CC}"
EndProject
Project("{FAE04EC0-301F-11D3-BF4B-00C04F79EFBC}") = "CheckedUnchecked", "..\Mi.Decompiler.Tests\SampleInput\CheckedUnchecked.csproj", "{0C027F06-8D91-4830-B73A-40F4FBE009D6}"
EndProject
Project("{FAE04EC0-301F-11D3-BF4B-00C04F79EFBC}") = "DelegateConstruction", "..\Mi.Decompiler.Tests\SampleInput\DelegateConstruction.csproj", "{A07ECFAE-46F2-427C-A8D4-23AB319F0421}"
EndProject
Project("{FAE04EC0-301F-11D3-BF4B-00C04F79EFBC}") = "ExceptionHandling", "..\Mi.Decompiler.Tests\SampleInput\ExceptionHandling.csproj", "{47D14427-5FC7-4C35-B3A8-37F883291022}"
EndProject
Project("{FAE04EC0-301F-11D3-BF4B-00C04F79EFBC}") = "IncrementDecrement", "..\Mi.Decompiler.Tests\SampleInput\IncrementDecrement.csproj", "{C6E9DEE2-C54C-4B16-B7BD-474D52DB9122}"
EndProject
Project("{FAE04EC0-301F-11D3-BF4B-00C04F79EFBC}") = "InitializerTests", "..\Mi.Decompiler.Tests\SampleInput\InitializerTests.csproj", "{97FFFAE1-863F-41E7-8F9D-0829E59593BE}"
EndProject
Project("{FAE04EC0-301F-11D3-BF4B-00C04F79EFBC}") = "Loops", "..\Mi.Decompiler.Tests\SampleInput\Loops.csproj", "{C24FE967-0EF9-48B3-80D2-C62064DF3D87}"
EndProject
Project("{FAE04EC0-301F-11D3-BF4B-00C04F79EFBC}") = "MultidimensionalArray", "..\Mi.Decompiler.Tests\SampleInput\MultidimensionalArray.csproj", "{0E1C6A32-EEB2-4D6A-8E1C-88E646E692BB}"
EndProject
Project("{FAE04EC0-301F-11D3-BF4B-00C04F79EFBC}") = "PropertiesAndEvents", "..\Mi.Decompiler.Tests\SampleInput\PropertiesAndEvents.csproj", "{7678669D-5BBB-4C46-BC14-E1FD266511C9}"
EndProject
Project("{FAE04EC0-301F-11D3-BF4B-00C04F79EFBC}") = "QueryExpressions", "..\Mi.Decompiler.Tests\SampleInput\QueryExpressions.csproj", "{94DB83EE-45DB-443A-BC85-9E1582E56DE1}"
EndProject
Project("{FAE04EC0-301F-11D3-BF4B-00C04F79EFBC}") = "Switch", "..\Mi.Decompiler.Tests\SampleInput\Switch.csproj", "{EB8AAC43-6317-4D1B-B1BD-9DD7F0865C8D}"
EndProject
Project("{FAE04EC0-301F-11D3-BF4B-00C04F79EFBC}") = "UndocumentedExpressions", "..\Mi.Decompiler.Tests\SampleInput\UndocumentedExpressions.csproj", "{2D4A63E6-B1FB-4829-ABD7-3BC64A875087}"
EndProject
Project("{FAE04EC0-301F-11D3-BF4B-00C04F79EFBC}") = "UnsafeCode", "..\Mi.Decompiler.Tests\SampleInput\UnsafeCode.csproj", "{9BA988DC-98DE-4A49-ACE1-E1FC2A876D0D}"
EndProject
Project("{FAE04EC0-301F-11D3-BF4B-00C04F79EFBC}") = "ValueTypes", "..\Mi.Decompiler.Tests\SampleInput\ValueTypes.csproj", "{B6C1D7C6-93DB-456B-B8B5-C9DB22AA5229}"
EndProject
Project("{FAE04EC0-301F-11D3-BF4B-00C04F79EFBC}") = "YieldReturn", "..\Mi.Decompiler.Tests\SampleInput\YieldReturn.csproj", "{BAC06405-D6F5-47D1-9F5E-AF80FD567F57}"
EndProject
Project("{2150E333-8FDC-42A3-9474-1A3956D46DE8}") = "Assemblies", "Assemblies", "{256CE983-6229-40A6-ADBA-179577263AC0}"
EndProject
Project("{FAE04EC0-301F-11D3-BF4B-00C04F79EFBC}") = "CustomAttributes", "..\Mi.Decompiler.Tests\SampleInput\Assemblies\CustomAttributes.csproj", "{02E237FC-CB89-488D-9776-6198A4E6639F}"
EndProject
Project("{FAE04EC0-301F-11D3-BF4B-00C04F79EFBC}") = "Events", "..\Mi.Decompiler.Tests\SampleInput\Assemblies\Events.csproj", "{241EAC87-C69E-4F0E-B3CB-6B79EC44F128}"
EndProject
Project("{FAE04EC0-301F-11D3-BF4B-00C04F79EFBC}") = "Fields", "..\Mi.Decompiler.Tests\SampleInput\Assemblies\Fields.csproj", "{D3FF4B60-7BBE-4398-868A-8231FBAE1E6E}"
EndProject
Project("{FAE04EC0-301F-11D3-BF4B-00C04F79EFBC}") = "Generics", "..\Mi.Decompiler.Tests\SampleInput\Assemblies\Generics.csproj", "{608229A9-6004-4C15-8C4C-D59AF4C9A095}"
EndProject
Project("{FAE04EC0-301F-11D3-BF4B-00C04F79EFBC}") = "Interfaces", "..\Mi.Decompiler.Tests\SampleInput\Assemblies\Interfaces.csproj", "{9998AA42-F882-4607-946F-CAABBA1A48C3}"
EndProject
Project("{FAE04EC0-301F-11D3-BF4B-00C04F79EFBC}") = "Layouts", "..\Mi.Decompiler.Tests\SampleInput\Assemblies\Layouts.csproj", "{86D4FE0D-C1C6-4E6D-868E-63A706ED05B9}"
EndProject
Project("{FAE04EC0-301F-11D3-BF4B-00C04F79EFBC}") = "Methods", "..\Mi.Decompiler.Tests\SampleInput\Assemblies\Methods.csproj", "{B5493184-7644-4F15-8B9D-4788725630E8}"
EndProject
Project("{FAE04EC0-301F-11D3-BF4B-00C04F79EFBC}") = "NestedTypes", "..\Mi.Decompiler.Tests\SampleInput\Assemblies\NestedTypes.csproj", "{87C71CE1-9752-4E0D-951B-887743CF071F}"
EndProject
Project("{FAE04EC0-301F-11D3-BF4B-00C04F79EFBC}") = "Properties", "..\Mi.Decompiler.Tests\SampleInput\Assemblies\Properties.csproj", "{98BF2C49-ED30-4F6B-8114-3556821538C5}"
EndProject
Project("{2150E333-8FDC-42A3-9474-1A3956D46DE8}") = "CustomAttributes", "CustomAttributes", "{5C2E67CC-FEC6-4590-9329-3602D8C728C6}"
EndProject
Project("{FAE04EC0-301F-11D3-BF4B-00C04F79EFBC}") = "S_AssemblyCustomAttribute", "..\Mi.Decompiler.Tests\SampleInput\CustomAttributes\S_AssemblyCustomAttribute.csproj", "{732A7ADE-FA03-465B-A7C7-5B64AAEE4719}"
EndProject
Project("{FAE04EC0-301F-11D3-BF4B-00C04F79EFBC}") = "S_CustomAttributes", "..\Mi.Decompiler.Tests\SampleInput\CustomAttributes\S_CustomAttributes.csproj", "{4EFD64D4-6A96-4C1F-ACB5-A40615D4E833}"
EndProject
Project("{FAE04EC0-301F-11D3-BF4B-00C04F79EFBC}") = "S_CustomAttributeSamples", "..\Mi.Decompiler.Tests\SampleInput\CustomAttributes\S_CustomAttributeSamples.csproj", "{DFF1BC39-37F4-47CF-9CD4-0B2A874A3517}"
EndProject
Project("{2150E333-8FDC-42A3-9474-1A3956D46DE8}") = "Types", "Types", "{1160A8D9-2334-4438-9B57-57369FD9B51E}"
EndProject
Project("{FAE04EC0-301F-11D3-BF4B-00C04F79EFBC}") = "S_EnumSamples", "..\Mi.Decompiler.Tests\SampleInput\Types\S_EnumSamples.csproj", "{2FF595B6-7AED-4ECA-AAEF-4511D29CD450}"
EndProject
Project("{FAE04EC0-301F-11D3-BF4B-00C04F79EFBC}") = "S_TypeDeclarations", "..\Mi.Decompiler.Tests\SampleInput\Types\S_TypeDeclarations.csproj", "{12A345C9-CB6A-4199-AB7D-B88509531993}"
EndProject
Project("{FAE04EC0-301F-11D3-BF4B-00C04F79EFBC}") = "S_TypeMemberDeclarations", "..\Mi.Decompiler.Tests\SampleInput\Types\S_TypeMemberDeclarations.csproj", "{DA5689AF-B1EF-410F-AC61-E52B51D83D29}"
EndProject
Global
	GlobalSection(SolutionConfigurationPlatforms) = preSolution
		Debug|Any CPU = Debug|Any CPU
		Release|Any CPU = Release|Any CPU
	EndGlobalSection
	GlobalSection(ProjectConfigurationPlatforms) = postSolution
		{7BE11302-7A09-4CCA-9DAD-B134310A3676}.Debug|Any CPU.ActiveCfg = Debug|Any CPU
		{7BE11302-7A09-4CCA-9DAD-B134310A3676}.Debug|Any CPU.Build.0 = Debug|Any CPU
		{7BE11302-7A09-4CCA-9DAD-B134310A3676}.Release|Any CPU.ActiveCfg = Release|Any CPU
		{7BE11302-7A09-4CCA-9DAD-B134310A3676}.Release|Any CPU.Build.0 = Release|Any CPU
		{984CC812-9470-4A13-AFF9-CC44068D666C}.Debug|Any CPU.ActiveCfg = Debug|Any CPU
		{984CC812-9470-4A13-AFF9-CC44068D666C}.Debug|Any CPU.Build.0 = Debug|Any CPU
		{984CC812-9470-4A13-AFF9-CC44068D666C}.Release|Any CPU.ActiveCfg = Release|Any CPU
		{984CC812-9470-4A13-AFF9-CC44068D666C}.Release|Any CPU.Build.0 = Release|Any CPU
		{74F28499-A66A-49DB-A48D-82C3AD85D6C8}.Debug|Any CPU.ActiveCfg = Debug|Any CPU
		{74F28499-A66A-49DB-A48D-82C3AD85D6C8}.Debug|Any CPU.Build.0 = Debug|Any CPU
		{74F28499-A66A-49DB-A48D-82C3AD85D6C8}.Release|Any CPU.ActiveCfg = Release|Any CPU
		{74F28499-A66A-49DB-A48D-82C3AD85D6C8}.Release|Any CPU.Build.0 = Release|Any CPU
		{5A8A03F3-580A-4035-B0F3-9F73EF2241CC}.Debug|Any CPU.ActiveCfg = Debug|Any CPU
		{5A8A03F3-580A-4035-B0F3-9F73EF2241CC}.Debug|Any CPU.Build.0 = Debug|Any CPU
		{5A8A03F3-580A-4035-B0F3-9F73EF2241CC}.Release|Any CPU.ActiveCfg = Release|Any CPU
		{5A8A03F3-580A-4035-B0F3-9F73EF2241CC}.Release|Any CPU.Build.0 = Release|Any CPU
		{0C027F06-8D91-4830-B73A-40F4FBE009D6}.Debug|Any CPU.ActiveCfg = Debug|Any CPU
		{0C027F06-8D91-4830-B73A-40F4FBE009D6}.Debug|Any CPU.Build.0 = Debug|Any CPU
		{0C027F06-8D91-4830-B73A-40F4FBE009D6}.Release|Any CPU.ActiveCfg = Release|Any CPU
		{0C027F06-8D91-4830-B73A-40F4FBE009D6}.Release|Any CPU.Build.0 = Release|Any CPU
		{A07ECFAE-46F2-427C-A8D4-23AB319F0421}.Debug|Any CPU.ActiveCfg = Debug|Any CPU
		{A07ECFAE-46F2-427C-A8D4-23AB319F0421}.Debug|Any CPU.Build.0 = Debug|Any CPU
		{A07ECFAE-46F2-427C-A8D4-23AB319F0421}.Release|Any CPU.ActiveCfg = Release|Any CPU
		{A07ECFAE-46F2-427C-A8D4-23AB319F0421}.Release|Any CPU.Build.0 = Release|Any CPU
		{47D14427-5FC7-4C35-B3A8-37F883291022}.Debug|Any CPU.ActiveCfg = Debug|Any CPU
		{47D14427-5FC7-4C35-B3A8-37F883291022}.Debug|Any CPU.Build.0 = Debug|Any CPU
		{47D14427-5FC7-4C35-B3A8-37F883291022}.Release|Any CPU.ActiveCfg = Release|Any CPU
		{47D14427-5FC7-4C35-B3A8-37F883291022}.Release|Any CPU.Build.0 = Release|Any CPU
		{C6E9DEE2-C54C-4B16-B7BD-474D52DB9122}.Debug|Any CPU.ActiveCfg = Debug|Any CPU
		{C6E9DEE2-C54C-4B16-B7BD-474D52DB9122}.Debug|Any CPU.Build.0 = Debug|Any CPU
		{C6E9DEE2-C54C-4B16-B7BD-474D52DB9122}.Release|Any CPU.ActiveCfg = Release|Any CPU
		{C6E9DEE2-C54C-4B16-B7BD-474D52DB9122}.Release|Any CPU.Build.0 = Release|Any CPU
		{97FFFAE1-863F-41E7-8F9D-0829E59593BE}.Debug|Any CPU.ActiveCfg = Debug|Any CPU
		{97FFFAE1-863F-41E7-8F9D-0829E59593BE}.Debug|Any CPU.Build.0 = Debug|Any CPU
		{97FFFAE1-863F-41E7-8F9D-0829E59593BE}.Release|Any CPU.ActiveCfg = Release|Any CPU
		{97FFFAE1-863F-41E7-8F9D-0829E59593BE}.Release|Any CPU.Build.0 = Release|Any CPU
		{C24FE967-0EF9-48B3-80D2-C62064DF3D87}.Debug|Any CPU.ActiveCfg = Debug|Any CPU
		{C24FE967-0EF9-48B3-80D2-C62064DF3D87}.Debug|Any CPU.Build.0 = Debug|Any CPU
		{C24FE967-0EF9-48B3-80D2-C62064DF3D87}.Release|Any CPU.ActiveCfg = Release|Any CPU
		{C24FE967-0EF9-48B3-80D2-C62064DF3D87}.Release|Any CPU.Build.0 = Release|Any CPU
		{0E1C6A32-EEB2-4D6A-8E1C-88E646E692BB}.Debug|Any CPU.ActiveCfg = Debug|Any CPU
		{0E1C6A32-EEB2-4D6A-8E1C-88E646E692BB}.Debug|Any CPU.Build.0 = Debug|Any CPU
		{0E1C6A32-EEB2-4D6A-8E1C-88E646E692BB}.Release|Any CPU.ActiveCfg = Release|Any CPU
		{0E1C6A32-EEB2-4D6A-8E1C-88E646E692BB}.Release|Any CPU.Build.0 = Release|Any CPU
		{7678669D-5BBB-4C46-BC14-E1FD266511C9}.Debug|Any CPU.ActiveCfg = Debug|Any CPU
		{7678669D-5BBB-4C46-BC14-E1FD266511C9}.Debug|Any CPU.Build.0 = Debug|Any CPU
		{7678669D-5BBB-4C46-BC14-E1FD266511C9}.Release|Any CPU.ActiveCfg = Release|Any CPU
		{7678669D-5BBB-4C46-BC14-E1FD266511C9}.Release|Any CPU.Build.0 = Release|Any CPU
		{94DB83EE-45DB-443A-BC85-9E1582E56DE1}.Debug|Any CPU.ActiveCfg = Debug|Any CPU
		{94DB83EE-45DB-443A-BC85-9E1582E56DE1}.Debug|Any CPU.Build.0 = Debug|Any CPU
		{94DB83EE-45DB-443A-BC85-9E1582E56DE1}.Release|Any CPU.ActiveCfg = Release|Any CPU
		{94DB83EE-45DB-443A-BC85-9E1582E56DE1}.Release|Any CPU.Build.0 = Release|Any CPU
		{EB8AAC43-6317-4D1B-B1BD-9DD7F0865C8D}.Debug|Any CPU.ActiveCfg = Debug|Any CPU
		{EB8AAC43-6317-4D1B-B1BD-9DD7F0865C8D}.Debug|Any CPU.Build.0 = Debug|Any CPU
		{EB8AAC43-6317-4D1B-B1BD-9DD7F0865C8D}.Release|Any CPU.ActiveCfg = Release|Any CPU
		{EB8AAC43-6317-4D1B-B1BD-9DD7F0865C8D}.Release|Any CPU.Build.0 = Release|Any CPU
		{2D4A63E6-B1FB-4829-ABD7-3BC64A875087}.Debug|Any CPU.ActiveCfg = Debug|Any CPU
		{2D4A63E6-B1FB-4829-ABD7-3BC64A875087}.Debug|Any CPU.Build.0 = Debug|Any CPU
		{2D4A63E6-B1FB-4829-ABD7-3BC64A875087}.Release|Any CPU.ActiveCfg = Release|Any CPU
		{2D4A63E6-B1FB-4829-ABD7-3BC64A875087}.Release|Any CPU.Build.0 = Release|Any CPU
		{9BA988DC-98DE-4A49-ACE1-E1FC2A876D0D}.Debug|Any CPU.ActiveCfg = Debug|Any CPU
		{9BA988DC-98DE-4A49-ACE1-E1FC2A876D0D}.Debug|Any CPU.Build.0 = Debug|Any CPU
		{9BA988DC-98DE-4A49-ACE1-E1FC2A876D0D}.Release|Any CPU.ActiveCfg = Release|Any CPU
		{9BA988DC-98DE-4A49-ACE1-E1FC2A876D0D}.Release|Any CPU.Build.0 = Release|Any CPU
		{B6C1D7C6-93DB-456B-B8B5-C9DB22AA5229}.Debug|Any CPU.ActiveCfg = Debug|Any CPU
		{B6C1D7C6-93DB-456B-B8B5-C9DB22AA5229}.Debug|Any CPU.Build.0 = Debug|Any CPU
		{B6C1D7C6-93DB-456B-B8B5-C9DB22AA5229}.Release|Any CPU.ActiveCfg = Release|Any CPU
		{B6C1D7C6-93DB-456B-B8B5-C9DB22AA5229}.Release|Any CPU.Build.0 = Release|Any CPU
		{BAC06405-D6F5-47D1-9F5E-AF80FD567F57}.Debug|Any CPU.ActiveCfg = Debug|Any CPU
		{BAC06405-D6F5-47D1-9F5E-AF80FD567F57}.Debug|Any CPU.Build.0 = Debug|Any CPU
		{BAC06405-D6F5-47D1-9F5E-AF80FD567F57}.Release|Any CPU.ActiveCfg = Release|Any CPU
		{BAC06405-D6F5-47D1-9F5E-AF80FD567F57}.Release|Any CPU.Build.0 = Release|Any CPU
		{02E237FC-CB89-488D-9776-6198A4E6639F}.Debug|Any CPU.ActiveCfg = Debug|Any CPU
		{02E237FC-CB89-488D-9776-6198A4E6639F}.Debug|Any CPU.Build.0 = Debug|Any CPU
		{02E237FC-CB89-488D-9776-6198A4E6639F}.Release|Any CPU.ActiveCfg = Release|Any CPU
		{02E237FC-CB89-488D-9776-6198A4E6639F}.Release|Any CPU.Build.0 = Release|Any CPU
		{241EAC87-C69E-4F0E-B3CB-6B79EC44F128}.Debug|Any CPU.ActiveCfg = Debug|Any CPU
		{241EAC87-C69E-4F0E-B3CB-6B79EC44F128}.Debug|Any CPU.Build.0 = Debug|Any CPU
		{241EAC87-C69E-4F0E-B3CB-6B79EC44F128}.Release|Any CPU.ActiveCfg = Release|Any CPU
		{241EAC87-C69E-4F0E-B3CB-6B79EC44F128}.Release|Any CPU.Build.0 = Release|Any CPU
		{D3FF4B60-7BBE-4398-868A-8231FBAE1E6E}.Debug|Any CPU.ActiveCfg = Debug|Any CPU
		{D3FF4B60-7BBE-4398-868A-8231FBAE1E6E}.Debug|Any CPU.Build.0 = Debug|Any CPU
		{D3FF4B60-7BBE-4398-868A-8231FBAE1E6E}.Release|Any CPU.ActiveCfg = Release|Any CPU
		{D3FF4B60-7BBE-4398-868A-8231FBAE1E6E}.Release|Any CPU.Build.0 = Release|Any CPU
		{608229A9-6004-4C15-8C4C-D59AF4C9A095}.Debug|Any CPU.ActiveCfg = Debug|Any CPU
		{608229A9-6004-4C15-8C4C-D59AF4C9A095}.Debug|Any CPU.Build.0 = Debug|Any CPU
		{608229A9-6004-4C15-8C4C-D59AF4C9A095}.Release|Any CPU.ActiveCfg = Release|Any CPU
		{608229A9-6004-4C15-8C4C-D59AF4C9A095}.Release|Any CPU.Build.0 = Release|Any CPU
		{9998AA42-F882-4607-946F-CAABBA1A48C3}.Debug|Any CPU.ActiveCfg = Debug|Any CPU
		{9998AA42-F882-4607-946F-CAABBA1A48C3}.Debug|Any CPU.Build.0 = Debug|Any CPU
		{9998AA42-F882-4607-946F-CAABBA1A48C3}.Release|Any CPU.ActiveCfg = Release|Any CPU
		{9998AA42-F882-4607-946F-CAABBA1A48C3}.Release|Any CPU.Build.0 = Release|Any CPU
		{86D4FE0D-C1C6-4E6D-868E-63A706ED05B9}.Debug|Any CPU.ActiveCfg = Debug|Any CPU
		{86D4FE0D-C1C6-4E6D-868E-63A706ED05B9}.Debug|Any CPU.Build.0 = Debug|Any CPU
		{86D4FE0D-C1C6-4E6D-868E-63A706ED05B9}.Release|Any CPU.ActiveCfg = Release|Any CPU
		{86D4FE0D-C1C6-4E6D-868E-63A706ED05B9}.Release|Any CPU.Build.0 = Release|Any CPU
		{B5493184-7644-4F15-8B9D-4788725630E8}.Debug|Any CPU.ActiveCfg = Debug|Any CPU
		{B5493184-7644-4F15-8B9D-4788725630E8}.Debug|Any CPU.Build.0 = Debug|Any CPU
		{B5493184-7644-4F15-8B9D-4788725630E8}.Release|Any CPU.ActiveCfg = Release|Any CPU
		{B5493184-7644-4F15-8B9D-4788725630E8}.Release|Any CPU.Build.0 = Release|Any CPU
		{87C71CE1-9752-4E0D-951B-887743CF071F}.Debug|Any CPU.ActiveCfg = Debug|Any CPU
		{87C71CE1-9752-4E0D-951B-887743CF071F}.Debug|Any CPU.Build.0 = Debug|Any CPU
		{87C71CE1-9752-4E0D-951B-887743CF071F}.Release|Any CPU.ActiveCfg = Release|Any CPU
		{87C71CE1-9752-4E0D-951B-887743CF071F}.Release|Any CPU.Build.0 = Release|Any CPU
		{98BF2C49-ED30-4F6B-8114-3556821538C5}.Debug|Any CPU.ActiveCfg = Debug|Any CPU
		{98BF2C49-ED30-4F6B-8114-3556821538C5}.Debug|Any CPU.Build.0 = Debug|Any CPU
		{98BF2C49-ED30-4F6B-8114-3556821538C5}.Release|Any CPU.ActiveCfg = Release|Any CPU
		{98BF2C49-ED30-4F6B-8114-3556821538C5}.Release|Any CPU.Build.0 = Release|Any CPU
		{732A7ADE-FA03-465B-A7C7-5B64AAEE4719}.Debug|Any CPU.ActiveCfg = Debug|Any CPU
		{732A7ADE-FA03-465B-A7C7-5B64AAEE4719}.Debug|Any CPU.Build.0 = Debug|Any CPU
		{732A7ADE-FA03-465B-A7C7-5B64AAEE4719}.Release|Any CPU.ActiveCfg = Release|Any CPU
		{732A7ADE-FA03-465B-A7C7-5B64AAEE4719}.Release|Any CPU.Build.0 = Release|Any CPU
		{4EFD64D4-6A96-4C1F-ACB5-A40615D4E833}.Debug|Any CPU.ActiveCfg = Debug|Any CPU
		{4EFD64D4-6A96-4C1F-ACB5-A40615D4E833}.Debug|Any CPU.Build.0 = Debug|Any CPU
		{4EFD64D4-6A96-4C1F-ACB5-A40615D4E833}.Release|Any CPU.ActiveCfg = Release|Any CPU
		{4EFD64D4-6A96-4C1F-ACB5-A40615D4E833}.Release|Any CPU.Build.0 = Release|Any CPU
		{DFF1BC39-37F4-47CF-9CD4-0B2A874A3517}.Debug|Any CPU.ActiveCfg = Debug|Any CPU
		{DFF1BC39-37F4-47CF-9CD4-0B2A874A3517}.Debug|Any CPU.Build.0 = Debug|Any CPU
		{DFF1BC39-37F4-47CF-9CD4-0B2A874A3517}.Release|Any CPU.ActiveCfg = Release|Any CPU
		{DFF1BC39-37F4-47CF-9CD4-0B2A874A3517}.Release|Any CPU.Build.0 = Release|Any CPU
		{2FF595B6-7AED-4ECA-AAEF-4511D29CD450}.Debug|Any CPU.ActiveCfg = Debug|Any CPU
		{2FF595B6-7AED-4ECA-AAEF-4511D29CD450}.Debug|Any CPU.Build.0 = Debug|Any CPU
		{2FF595B6-7AED-4ECA-AAEF-4511D29CD450}.Release|Any CPU.ActiveCfg = Release|Any CPU
		{2FF595B6-7AED-4ECA-AAEF-4511D29CD450}.Release|Any CPU.Build.0 = Release|Any CPU
		{12A345C9-CB6A-4199-AB7D-B88509531993}.Debug|Any CPU.ActiveCfg = Debug|Any CPU
		{12A345C9-CB6A-4199-AB7D-B88509531993}.Debug|Any CPU.Build.0 = Debug|Any CPU
		{12A345C9-CB6A-4199-AB7D-B88509531993}.Release|Any CPU.ActiveCfg = Release|Any CPU
		{12A345C9-CB6A-4199-AB7D-B88509531993}.Release|Any CPU.Build.0 = Release|Any CPU
		{DA5689AF-B1EF-410F-AC61-E52B51D83D29}.Debug|Any CPU.ActiveCfg = Debug|Any CPU
		{DA5689AF-B1EF-410F-AC61-E52B51D83D29}.Debug|Any CPU.Build.0 = Debug|Any CPU
		{DA5689AF-B1EF-410F-AC61-E52B51D83D29}.Release|Any CPU.ActiveCfg = Release|Any CPU
		{DA5689AF-B1EF-410F-AC61-E52B51D83D29}.Release|Any CPU.Build.0 = Release|Any CPU
	EndGlobalSection
	GlobalSection(SolutionProperties) = preSolution
		HideSolutionNode = FALSE
	EndGlobalSection
	GlobalSection(NestedProjects) = preSolution
		{74F28499-A66A-49DB-A48D-82C3AD85D6C8} = {D1619F98-4F20-410C-BE84-9AE445C3E990}
		{59121F30-0916-4C8E-91E6-AA84765D4848} = {D1619F98-4F20-410C-BE84-9AE445C3E990}
		{5A8A03F3-580A-4035-B0F3-9F73EF2241CC} = {59121F30-0916-4C8E-91E6-AA84765D4848}
		{0C027F06-8D91-4830-B73A-40F4FBE009D6} = {59121F30-0916-4C8E-91E6-AA84765D4848}
		{A07ECFAE-46F2-427C-A8D4-23AB319F0421} = {59121F30-0916-4C8E-91E6-AA84765D4848}
		{47D14427-5FC7-4C35-B3A8-37F883291022} = {59121F30-0916-4C8E-91E6-AA84765D4848}
		{C6E9DEE2-C54C-4B16-B7BD-474D52DB9122} = {59121F30-0916-4C8E-91E6-AA84765D4848}
		{97FFFAE1-863F-41E7-8F9D-0829E59593BE} = {59121F30-0916-4C8E-91E6-AA84765D4848}
		{C24FE967-0EF9-48B3-80D2-C62064DF3D87} = {59121F30-0916-4C8E-91E6-AA84765D4848}
		{0E1C6A32-EEB2-4D6A-8E1C-88E646E692BB} = {59121F30-0916-4C8E-91E6-AA84765D4848}
		{7678669D-5BBB-4C46-BC14-E1FD266511C9} = {59121F30-0916-4C8E-91E6-AA84765D4848}
		{94DB83EE-45DB-443A-BC85-9E1582E56DE1} = {59121F30-0916-4C8E-91E6-AA84765D4848}
		{EB8AAC43-6317-4D1B-B1BD-9DD7F0865C8D} = {59121F30-0916-4C8E-91E6-AA84765D4848}
		{2D4A63E6-B1FB-4829-ABD7-3BC64A875087} = {59121F30-0916-4C8E-91E6-AA84765D4848}
		{9BA988DC-98DE-4A49-ACE1-E1FC2A876D0D} = {59121F30-0916-4C8E-91E6-AA84765D4848}
		{B6C1D7C6-93DB-456B-B8B5-C9DB22AA5229} = {59121F30-0916-4C8E-91E6-AA84765D4848}
		{BAC06405-D6F5-47D1-9F5E-AF80FD567F57} = {59121F30-0916-4C8E-91E6-AA84765D4848}
		{256CE983-6229-40A6-ADBA-179577263AC0} = {59121F30-0916-4C8E-91E6-AA84765D4848}
		{5C2E67CC-FEC6-4590-9329-3602D8C728C6} = {59121F30-0916-4C8E-91E6-AA84765D4848}
		{1160A8D9-2334-4438-9B57-57369FD9B51E} = {59121F30-0916-4C8E-91E6-AA84765D4848}
		{02E237FC-CB89-488D-9776-6198A4E6639F} = {256CE983-6229-40A6-ADBA-179577263AC0}
		{241EAC87-C69E-4F0E-B3CB-6B79EC44F128} = {256CE983-6229-40A6-ADBA-179577263AC0}
		{D3FF4B60-7BBE-4398-868A-8231FBAE1E6E} = {256CE983-6229-40A6-ADBA-179577263AC0}
		{608229A9-6004-4C15-8C4C-D59AF4C9A095} = {256CE983-6229-40A6-ADBA-179577263AC0}
		{9998AA42-F882-4607-946F-CAABBA1A48C3} = {256CE983-6229-40A6-ADBA-179577263AC0}
		{86D4FE0D-C1C6-4E6D-868E-63A706ED05B9} = {256CE983-6229-40A6-ADBA-179577263AC0}
		{B5493184-7644-4F15-8B9D-4788725630E8} = {256CE983-6229-40A6-ADBA-179577263AC0}
		{87C71CE1-9752-4E0D-951B-887743CF071F} = {256CE983-6229-40A6-ADBA-179577263AC0}
		{98BF2C49-ED30-4F6B-8114-3556821538C5} = {256CE983-6229-40A6-ADBA-179577263AC0}
		{732A7ADE-FA03-465B-A7C7-5B64AAEE4719} = {5C2E67CC-FEC6-4590-9329-3602D8C728C6}
		{4EFD64D4-6A96-4C1F-ACB5-A40615D4E833} = {5C2E67CC-FEC6-4590-9329-3602D8C728C6}
		{DFF1BC39-37F4-47CF-9CD4-0B2A874A3517} = {5C2E67CC-FEC6-4590-9329-3602D8C728C6}
		{2FF595B6-7AED-4ECA-AAEF-4511D29CD450} = {1160A8D9-2334-4438-9B57-57369FD9B51E}
		{12A345C9-CB6A-4199-AB7D-B88509531993} = {1160A8D9-2334-4438-9B57-57369FD9B51E}
		{DA5689AF-B1EF-410F-AC61-E52B51D83D29} = {1160A8D9-2334-4438-9B57-57369FD9B51E}
	EndGlobalSection
EndGlobal
