
Microsoft Visual Studio Solution File, Format Version 11.00
# Visual Web Developer Express 2010
Project("{FAE04EC0-301F-11D3-BF4B-00C04F79EFBC}") = "Scope", "Scope.csproj", "{7BE11302-7A09-4CCA-9DAD-B134310A3676}"
EndProject
Project("{FAE04EC0-301F-11D3-BF4B-00C04F79EFBC}") = "Mi.Decompiler", "..\Mi.Decompiler\Mi.Decompiler.csproj", "{984CC812-9470-4A13-AFF9-CC44068D666C}"
EndProject
Global
	GlobalSection(SolutionConfigurationPlatforms) = preSolution
		Debug|Any CPU = Debug|Any CPU
		Release|Any CPU = Release|Any CPU
	EndGlobalSection
	GlobalSection(ProjectConfigurationPlatforms) = postSolution
		{7BE11302-7A09-4CCA-9DAD-B134310A3676}.Debug|Any CPU.ActiveCfg = Debug|Any CPU
		{7BE11302-7A09-4CCA-9DAD-B134310A3676}.Debug|Any CPU.Build.0 = Debug|Any CPU
		{7BE11302-7A09-4CCA-9DAD-B134310A3676}.Release|Any CPU.ActiveCfg = Release|Any CPU
		{7BE11302-7A09-4CCA-9DAD-B134310A3676}.Release|Any CPU.Build.0 = Release|Any CPU
		{984CC812-9470-4A13-AFF9-CC44068D666C}.Debug|Any CPU.ActiveCfg = Debug|Any CPU
		{984CC812-9470-4A13-AFF9-CC44068D666C}.Debug|Any CPU.Build.0 = Debug|Any CPU
		{984CC812-9470-4A13-AFF9-CC44068D666C}.Release|Any CPU.ActiveCfg = Release|Any CPU
		{984CC812-9470-4A13-AFF9-CC44068D666C}.Release|Any CPU.Build.0 = Release|Any CPU
	EndGlobalSection
	GlobalSection(SolutionProperties) = preSolution
		HideSolutionNode = FALSE
	EndGlobalSection
	GlobalSection(NestedProjects) = preSolution
		{74F28499-A66A-49DB-A48D-82C3AD85D6C8} = {D1619F98-4F20-410C-BE84-9AE445C3E990}
		{59121F30-0916-4C8E-91E6-AA84765D4848} = {D1619F98-4F20-410C-BE84-9AE445C3E990}
		{5A8A03F3-580A-4035-B0F3-9F73EF2241CC} = {59121F30-0916-4C8E-91E6-AA84765D4848}
		{6A8A03F3-580A-4035-B0F3-9F73EF2241CC} = {59121F30-0916-4C8E-91E6-AA84765D4848}
		{7A8A03F3-580A-4035-B0F3-9F73EF2241CC} = {59121F30-0916-4C8E-91E6-AA84765D4848}
		{8A8A03F3-580A-4035-B0F3-9F73EF2241CC} = {59121F30-0916-4C8E-91E6-AA84765D4848}
		{AA8A03F3-580A-4035-B0F3-9F73EF2241CC} = {59121F30-0916-4C8E-91E6-AA84765D4848}
		{BA8A03F3-580A-4035-B0F3-9F73EF2241CC} = {59121F30-0916-4C8E-91E6-AA84765D4848}
		{CA8A03F3-580A-4035-B0F3-9F73EF2241CC} = {59121F30-0916-4C8E-91E6-AA84765D4848}
		{DA8A03F3-580A-4035-B0F3-9F73EF2241CC} = {59121F30-0916-4C8E-91E6-AA84765D4848}
		{EA8A03F3-580A-4035-B0F3-9F73EF2241CC} = {59121F30-0916-4C8E-91E6-AA84765D4848}
		{FA8A03F3-580A-4035-B0F3-9F73EF2241CC} = {59121F30-0916-4C8E-91E6-AA84765D4848}
		{1E8A03F3-580A-4035-B0F3-9F73EF2241CC} = {59121F30-0916-4C8E-91E6-AA84765D4848}
		{0E8A03F3-580A-4035-B0F3-9F73EF2241CC} = {59121F30-0916-4C8E-91E6-AA84765D4848}
		{018A03F3-580A-4035-B0F3-9F73EF2241CC} = {59121F30-0916-4C8E-91E6-AA84765D4848}
		{118A03F3-580A-4035-B0F3-9F73EF2241CC} = {59121F30-0916-4C8E-91E6-AA84765D4848}
		{218A03F3-580A-4035-B0F3-9F73EF2241CC} = {59121F30-0916-4C8E-91E6-AA84765D4848}
		{256CE983-6229-40A6-ADBA-179577263AC0} = {59121F30-0916-4C8E-91E6-AA84765D4848}
		{5C2E67CC-FEC6-4590-9329-3602D8C728C6} = {59121F30-0916-4C8E-91E6-AA84765D4848}
		{1160A8D9-2334-4438-9B57-57369FD9B51E} = {59121F30-0916-4C8E-91E6-AA84765D4848}
		{9A8A03F3-580A-4035-B0F3-9F73EF2241CC} = {59121F30-0916-4C8E-91E6-AA84765D4848}
		{318A03F3-580A-4035-B0F3-9F73EF2241CC} = {256CE983-6229-40A6-ADBA-179577263AC0}
		{418A03F3-580A-4035-B0F3-9F73EF2241CC} = {256CE983-6229-40A6-ADBA-179577263AC0}
		{D3FF4B60-7BBE-4398-868A-8231FBAE1E6E} = {256CE983-6229-40A6-ADBA-179577263AC0}
		{518A03F3-580A-4035-B0F3-9F73EF2241CC} = {256CE983-6229-40A6-ADBA-179577263AC0}
		{618A03F3-580A-4035-B0F3-9F73EF2241CC} = {256CE983-6229-40A6-ADBA-179577263AC0}
		{718A03F3-580A-4035-B0F3-9F73EF2241CC} = {256CE983-6229-40A6-ADBA-179577263AC0}
		{818A03F3-580A-4035-B0F3-9F73EF2241CC} = {256CE983-6229-40A6-ADBA-179577263AC0}
		{918A03F3-580A-4035-B0F3-9F73EF2241CC} = {256CE983-6229-40A6-ADBA-179577263AC0}
		{A18A03F3-580A-4035-B0F3-9F73EF2241CC} = {256CE983-6229-40A6-ADBA-179577263AC0}
		{010A03F3-580A-4035-B0F3-9F73EF2241CC} = {5C2E67CC-FEC6-4590-9329-3602D8C728C6}
		{110A03F3-580A-4035-B0F3-9F73EF2241CC} = {5C2E67CC-FEC6-4590-9329-3602D8C728C6}
		{210A03F3-580A-4035-B0F3-9F73EF2241CC} = {5C2E67CC-FEC6-4590-9329-3602D8C728C6}
		{310A03F3-580A-4035-B0F3-9F73EF2241CC} = {1160A8D9-2334-4438-9B57-57369FD9B51E}
		{410A03F3-580A-4035-B0F3-9F73EF2241CC} = {1160A8D9-2334-4438-9B57-57369FD9B51E}
		{510A03F3-580A-4035-B0F3-9F73EF2241CC} = {1160A8D9-2334-4438-9B57-57369FD9B51E}
	EndGlobalSection
EndGlobal
